{
  "name": "babylon",
  "lockfileVersion": 3,
  "requires": true,
  "packages": {
    "": {
      "dependencies": {
        "babylonjs": "^7.39.1"
      }
    },
    "node_modules/babylonjs": {
      "version": "7.39.1",
      "resolved": "https://registry.npmjs.org/babylonjs/-/babylonjs-7.39.1.tgz",
      "integrity": "sha512-HR5vUczCu8LHortkFYJqmBbXW9TL6I6fpcpwvAXUhvjbv0f0iMcRqNpV4OXtxHcbHzYFeBFMi+CXXfV+Yo8WjQ==",
      "hasInstallScript": true,
      "license": "Apache-2.0"
    }
  }
}
